
Microsoft Visual Studio Solution File, Format Version 12.00
# Visual Studio Version 17
VisualStudioVersion = 17.4.33213.308
MinimumVisualStudioVersion = 10.0.40219.1
Project("{2150E333-8FDC-42A3-9474-1A3956D46DE8}") = "Source", "Source", "{318F4914-82B2-4C13-B0EB-AF8FD40DDE43}"
EndProject
Project("{2150E333-8FDC-42A3-9474-1A3956D46DE8}") = "Tests", "Tests", "{D2EF24A4-5FE4-4727-8FC7-34A9A39F1441}"
EndProject
Project("{9A19103F-16F7-4668-BE54-9A1E7A4F7556}") = "Dotnetstore.Core", "Source\Dotnetstore.Core\Dotnetstore.Core.csproj", "{C59CD421-E02F-48D1-8C79-9F82AF9E5DDA}"
EndProject
Project("{9A19103F-16F7-4668-BE54-9A1E7A4F7556}") = "Dotnetstore.TestHelper", "Tests\Dotnetstore.TestHelper\Dotnetstore.TestHelper.csproj", "{CA4C28A9-41FE-4992-8BE8-9AE8839F4911}"
EndProject
Project("{9A19103F-16F7-4668-BE54-9A1E7A4F7556}") = "Dotnetstore.Business.Tests", "Tests\Dotnetstore.Business.Tests\Dotnetstore.Business.Tests.csproj", "{3ED6DD39-ECF5-4902-AF34-8FA207653901}"
EndProject
Project("{9A19103F-16F7-4668-BE54-9A1E7A4F7556}") = "Dotnetstore.Shared", "Source\Dotnetstore.Shared\Dotnetstore.Shared.csproj", "{3E4358FF-95D1-41E8-8DD1-029A083FB490}"
EndProject
Project("{9A19103F-16F7-4668-BE54-9A1E7A4F7556}") = "Dotnetstore.WebAPI.Intranet", "Source\Dotnetstore.WebAPI.Intranet\Dotnetstore.WebAPI.Intranet.csproj", "{3E7992BD-F9A2-4C99-AF09-726582412E4E}"
EndProject
Project("{9A19103F-16F7-4668-BE54-9A1E7A4F7556}") = "Dotnetstore.UnitOfWorks.Intranet", "Source\Dotnetstore.UnitOfWorks.Intranet\Dotnetstore.UnitOfWorks.Intranet.csproj", "{C357A3FB-0AF0-4A7C-BF6E-C2A82813ADDF}"
EndProject
Project("{9A19103F-16F7-4668-BE54-9A1E7A4F7556}") = "Dotnetstore.Intranet.WebUI", "Source\Dotnetstore.Intranet.WebUI\Dotnetstore.Intranet.WebUI.csproj", "{62798741-0A4D-4515-AE33-CDEAE572997A}"
EndProject
Project("{9A19103F-16F7-4668-BE54-9A1E7A4F7556}") = "Dotnetstore.UnitOfWorks.Intranet.Frontend", "Source\Dotnetstore.UnitOfWorks.Intranet.Frontend\Dotnetstore.UnitOfWorks.Intranet.Frontend.csproj", "{72EFADC1-7C2E-420A-9F23-29A0A017AA16}"
EndProject
Project("{9A19103F-16F7-4668-BE54-9A1E7A4F7556}") = "Dotnetstore.Core.Tests", "Tests\Dotnetstore.Core.Tests\Dotnetstore.Core.Tests.csproj", "{C1D31EAF-0248-42A8-98C5-B5093B1C0DE1}"
EndProject
Project("{9A19103F-16F7-4668-BE54-9A1E7A4F7556}") = "Dotnetstore.Domain", "Source\Dotnetstore.Domain\Dotnetstore.Domain.csproj", "{1EE5F380-655F-43BE-9111-1202C7594555}"
EndProject
Project("{9A19103F-16F7-4668-BE54-9A1E7A4F7556}") = "Dotnetstore.Business.Repository.EF", "Source\Dotnetstore.Business.Repository.EF\Dotnetstore.Business.Repository.EF.csproj", "{2DBC4BBE-8993-437A-B301-194C56750D3D}"
EndProject
Project("{9A19103F-16F7-4668-BE54-9A1E7A4F7556}") = "Dotnetstore.Intranet.Contract", "Source\Dotnetstore.Intranet.Contract\Dotnetstore.Intranet.Contract.csproj", "{F6034221-9681-48B2-B488-E057E5E77509}"
EndProject
Project("{9A19103F-16F7-4668-BE54-9A1E7A4F7556}") = "Dotnetstore.Business.Service", "Source\Dotnetstore.Business.Service\Dotnetstore.Business.Service.csproj", "{236BA60A-7E34-4121-B216-4038D4B91C41}"
EndProject
Global
	GlobalSection(SolutionConfigurationPlatforms) = preSolution
		Debug|Any CPU = Debug|Any CPU
		Release|Any CPU = Release|Any CPU
	EndGlobalSection
	GlobalSection(ProjectConfigurationPlatforms) = postSolution
		{C59CD421-E02F-48D1-8C79-9F82AF9E5DDA}.Debug|Any CPU.ActiveCfg = Debug|Any CPU
		{C59CD421-E02F-48D1-8C79-9F82AF9E5DDA}.Debug|Any CPU.Build.0 = Debug|Any CPU
		{C59CD421-E02F-48D1-8C79-9F82AF9E5DDA}.Release|Any CPU.ActiveCfg = Release|Any CPU
		{C59CD421-E02F-48D1-8C79-9F82AF9E5DDA}.Release|Any CPU.Build.0 = Release|Any CPU
		{CA4C28A9-41FE-4992-8BE8-9AE8839F4911}.Debug|Any CPU.ActiveCfg = Debug|Any CPU
		{CA4C28A9-41FE-4992-8BE8-9AE8839F4911}.Debug|Any CPU.Build.0 = Debug|Any CPU
		{CA4C28A9-41FE-4992-8BE8-9AE8839F4911}.Release|Any CPU.ActiveCfg = Release|Any CPU
		{CA4C28A9-41FE-4992-8BE8-9AE8839F4911}.Release|Any CPU.Build.0 = Release|Any CPU
		{3ED6DD39-ECF5-4902-AF34-8FA207653901}.Debug|Any CPU.ActiveCfg = Debug|Any CPU
		{3ED6DD39-ECF5-4902-AF34-8FA207653901}.Debug|Any CPU.Build.0 = Debug|Any CPU
		{3ED6DD39-ECF5-4902-AF34-8FA207653901}.Release|Any CPU.ActiveCfg = Release|Any CPU
		{3ED6DD39-ECF5-4902-AF34-8FA207653901}.Release|Any CPU.Build.0 = Release|Any CPU
		{3E4358FF-95D1-41E8-8DD1-029A083FB490}.Debug|Any CPU.ActiveCfg = Debug|Any CPU
		{3E4358FF-95D1-41E8-8DD1-029A083FB490}.Debug|Any CPU.Build.0 = Debug|Any CPU
		{3E4358FF-95D1-41E8-8DD1-029A083FB490}.Release|Any CPU.ActiveCfg = Release|Any CPU
		{3E4358FF-95D1-41E8-8DD1-029A083FB490}.Release|Any CPU.Build.0 = Release|Any CPU
		{3E7992BD-F9A2-4C99-AF09-726582412E4E}.Debug|Any CPU.ActiveCfg = Debug|Any CPU
		{3E7992BD-F9A2-4C99-AF09-726582412E4E}.Debug|Any CPU.Build.0 = Debug|Any CPU
		{3E7992BD-F9A2-4C99-AF09-726582412E4E}.Release|Any CPU.ActiveCfg = Release|Any CPU
		{3E7992BD-F9A2-4C99-AF09-726582412E4E}.Release|Any CPU.Build.0 = Release|Any CPU
		{C357A3FB-0AF0-4A7C-BF6E-C2A82813ADDF}.Debug|Any CPU.ActiveCfg = Debug|Any CPU
		{C357A3FB-0AF0-4A7C-BF6E-C2A82813ADDF}.Debug|Any CPU.Build.0 = Debug|Any CPU
		{C357A3FB-0AF0-4A7C-BF6E-C2A82813ADDF}.Release|Any CPU.ActiveCfg = Release|Any CPU
		{C357A3FB-0AF0-4A7C-BF6E-C2A82813ADDF}.Release|Any CPU.Build.0 = Release|Any CPU
		{62798741-0A4D-4515-AE33-CDEAE572997A}.Debug|Any CPU.ActiveCfg = Debug|Any CPU
		{62798741-0A4D-4515-AE33-CDEAE572997A}.Debug|Any CPU.Build.0 = Debug|Any CPU
		{62798741-0A4D-4515-AE33-CDEAE572997A}.Release|Any CPU.ActiveCfg = Release|Any CPU
		{62798741-0A4D-4515-AE33-CDEAE572997A}.Release|Any CPU.Build.0 = Release|Any CPU
		{72EFADC1-7C2E-420A-9F23-29A0A017AA16}.Debug|Any CPU.ActiveCfg = Debug|Any CPU
		{72EFADC1-7C2E-420A-9F23-29A0A017AA16}.Debug|Any CPU.Build.0 = Debug|Any CPU
		{72EFADC1-7C2E-420A-9F23-29A0A017AA16}.Release|Any CPU.ActiveCfg = Release|Any CPU
		{72EFADC1-7C2E-420A-9F23-29A0A017AA16}.Release|Any CPU.Build.0 = Release|Any CPU
		{C1D31EAF-0248-42A8-98C5-B5093B1C0DE1}.Debug|Any CPU.ActiveCfg = Debug|Any CPU
		{C1D31EAF-0248-42A8-98C5-B5093B1C0DE1}.Debug|Any CPU.Build.0 = Debug|Any CPU
		{C1D31EAF-0248-42A8-98C5-B5093B1C0DE1}.Release|Any CPU.ActiveCfg = Release|Any CPU
		{C1D31EAF-0248-42A8-98C5-B5093B1C0DE1}.Release|Any CPU.Build.0 = Release|Any CPU
		{1EE5F380-655F-43BE-9111-1202C7594555}.Debug|Any CPU.ActiveCfg = Debug|Any CPU
		{1EE5F380-655F-43BE-9111-1202C7594555}.Debug|Any CPU.Build.0 = Debug|Any CPU
		{1EE5F380-655F-43BE-9111-1202C7594555}.Release|Any CPU.ActiveCfg = Release|Any CPU
		{1EE5F380-655F-43BE-9111-1202C7594555}.Release|Any CPU.Build.0 = Release|Any CPU
		{2DBC4BBE-8993-437A-B301-194C56750D3D}.Debug|Any CPU.ActiveCfg = Debug|Any CPU
		{2DBC4BBE-8993-437A-B301-194C56750D3D}.Debug|Any CPU.Build.0 = Debug|Any CPU
		{2DBC4BBE-8993-437A-B301-194C56750D3D}.Release|Any CPU.ActiveCfg = Release|Any CPU
		{2DBC4BBE-8993-437A-B301-194C56750D3D}.Release|Any CPU.Build.0 = Release|Any CPU
		{F6034221-9681-48B2-B488-E057E5E77509}.Debug|Any CPU.ActiveCfg = Debug|Any CPU
		{F6034221-9681-48B2-B488-E057E5E77509}.Debug|Any CPU.Build.0 = Debug|Any CPU
		{F6034221-9681-48B2-B488-E057E5E77509}.Release|Any CPU.ActiveCfg = Release|Any CPU
		{F6034221-9681-48B2-B488-E057E5E77509}.Release|Any CPU.Build.0 = Release|Any CPU
		{236BA60A-7E34-4121-B216-4038D4B91C41}.Debug|Any CPU.ActiveCfg = Debug|Any CPU
		{236BA60A-7E34-4121-B216-4038D4B91C41}.Debug|Any CPU.Build.0 = Debug|Any CPU
		{236BA60A-7E34-4121-B216-4038D4B91C41}.Release|Any CPU.ActiveCfg = Release|Any CPU
		{236BA60A-7E34-4121-B216-4038D4B91C41}.Release|Any CPU.Build.0 = Release|Any CPU
	EndGlobalSection
	GlobalSection(SolutionProperties) = preSolution
		HideSolutionNode = FALSE
	EndGlobalSection
	GlobalSection(NestedProjects) = preSolution
		{C59CD421-E02F-48D1-8C79-9F82AF9E5DDA} = {318F4914-82B2-4C13-B0EB-AF8FD40DDE43}
		{CA4C28A9-41FE-4992-8BE8-9AE8839F4911} = {D2EF24A4-5FE4-4727-8FC7-34A9A39F1441}
		{3ED6DD39-ECF5-4902-AF34-8FA207653901} = {D2EF24A4-5FE4-4727-8FC7-34A9A39F1441}
		{3E4358FF-95D1-41E8-8DD1-029A083FB490} = {318F4914-82B2-4C13-B0EB-AF8FD40DDE43}
		{3E7992BD-F9A2-4C99-AF09-726582412E4E} = {318F4914-82B2-4C13-B0EB-AF8FD40DDE43}
		{C357A3FB-0AF0-4A7C-BF6E-C2A82813ADDF} = {318F4914-82B2-4C13-B0EB-AF8FD40DDE43}
		{62798741-0A4D-4515-AE33-CDEAE572997A} = {318F4914-82B2-4C13-B0EB-AF8FD40DDE43}
		{72EFADC1-7C2E-420A-9F23-29A0A017AA16} = {318F4914-82B2-4C13-B0EB-AF8FD40DDE43}
		{C1D31EAF-0248-42A8-98C5-B5093B1C0DE1} = {D2EF24A4-5FE4-4727-8FC7-34A9A39F1441}
		{1EE5F380-655F-43BE-9111-1202C7594555} = {318F4914-82B2-4C13-B0EB-AF8FD40DDE43}
		{2DBC4BBE-8993-437A-B301-194C56750D3D} = {318F4914-82B2-4C13-B0EB-AF8FD40DDE43}
		{F6034221-9681-48B2-B488-E057E5E77509} = {318F4914-82B2-4C13-B0EB-AF8FD40DDE43}
		{236BA60A-7E34-4121-B216-4038D4B91C41} = {318F4914-82B2-4C13-B0EB-AF8FD40DDE43}
	EndGlobalSection
	GlobalSection(ExtensibilityGlobals) = postSolution
		SolutionGuid = {BF36E72F-2D64-4FFC-A170-6881C31A3377}
	EndGlobalSection
EndGlobal
